
Microsoft Visual Studio Solution File, Format Version 12.00
# Visual Studio Version 17
VisualStudioVersion = 17.14.36518.9 d17.14
MinimumVisualStudioVersion = 10.0.40219.1
Project("{FAE04EC0-301F-11D3-BF4B-00C04F79EFBC}") = "Sparkle", "src\Sparkle.csproj", "{C33912C6-F2AE-4061-B8FC-9BAF7160A9EA}"
EndProject
Global
	GlobalSection(SolutionConfigurationPlatforms) = preSolution
		Debug|Any CPU = Debug|Any CPU
		Release|Any CPU = Release|Any CPU
	EndGlobalSection
	GlobalSection(ProjectConfigurationPlatforms) = postSolution
		{C33912C6-F2AE-4061-B8FC-9BAF7160A9EA}.Debug|Any CPU.ActiveCfg = Debug|Any CPU
		{C33912C6-F2AE-4061-B8FC-9BAF7160A9EA}.Debug|Any CPU.Build.0 = Debug|Any CPU
		{C33912C6-F2AE-4061-B8FC-9BAF7160A9EA}.Release|Any CPU.ActiveCfg = Release|Any CPU
		{C33912C6-F2AE-4061-B8FC-9BAF7160A9EA}.Release|Any CPU.Build.0 = Release|Any CPU
	EndGlobalSection
	GlobalSection(SolutionProperties) = preSolution
		HideSolutionNode = FALSE
	EndGlobalSection
	GlobalSection(ExtensibilityGlobals) = postSolution
		SolutionGuid = {FF6E61A4-D1DE-4D6C-BA03-880029A9AAF2}
	EndGlobalSection
EndGlobal
